
Microsoft Visual Studio Solution File, Format Version 12.00
# Visual Studio Version 17
VisualStudioVersion = 17.14.36025.13
MinimumVisualStudioVersion = 10.0.40219.1
Project("{FAE04EC0-301F-11D3-BF4B-00C04F79EFBC}") = "304.Net.Platform", "304.Net.Platform.csproj", "{B3C5C4F8-17AB-4011-9825-2A1A317436AE}"
EndProject
Project("{FAE04EC0-301F-11D3-BF4B-00C04F79EFBC}") = "Core", "..\Core\Core.csproj", "{4EA6F72F-1C47-46CD-9373-0103AC427355}"
EndProject
Project("{FAE04EC0-301F-11D3-BF4B-00C04F79EFBC}") = "DataLayer", "..\DataLayer\DataLayer.csproj", "{6553B4A7-9FA5-4C4A-8466-2DB1430358FA}"
EndProject
Project("{FAE04EC0-301F-11D3-BF4B-00C04F79EFBC}") = "304.Net.Platform.Test", "..\304.Net.Platform.Test\304.Net.Platform.Test.csproj", "{CF8A7901-4106-4ABD-A54A-0C4E1365B63B}"
EndProject
Global
	GlobalSection(SolutionConfigurationPlatforms) = preSolution
		Debug|Any CPU = Debug|Any CPU
		Release|Any CPU = Release|Any CPU
	EndGlobalSection
	GlobalSection(ProjectConfigurationPlatforms) = postSolution
		{B3C5C4F8-17AB-4011-9825-2A1A317436AE}.Debug|Any CPU.ActiveCfg = Debug|Any CPU
		{B3C5C4F8-17AB-4011-9825-2A1A317436AE}.Debug|Any CPU.Build.0 = Debug|Any CPU
		{B3C5C4F8-17AB-4011-9825-2A1A317436AE}.Release|Any CPU.ActiveCfg = Release|Any CPU
		{B3C5C4F8-17AB-4011-9825-2A1A317436AE}.Release|Any CPU.Build.0 = Release|Any CPU
		{4EA6F72F-1C47-46CD-9373-0103AC427355}.Debug|Any CPU.ActiveCfg = Debug|Any CPU
		{4EA6F72F-1C47-46CD-9373-0103AC427355}.Debug|Any CPU.Build.0 = Debug|Any CPU
		{4EA6F72F-1C47-46CD-9373-0103AC427355}.Release|Any CPU.ActiveCfg = Release|Any CPU
		{4EA6F72F-1C47-46CD-9373-0103AC427355}.Release|Any CPU.Build.0 = Release|Any CPU
		{6553B4A7-9FA5-4C4A-8466-2DB1430358FA}.Debug|Any CPU.ActiveCfg = Debug|Any CPU
		{6553B4A7-9FA5-4C4A-8466-2DB1430358FA}.Debug|Any CPU.Build.0 = Debug|Any CPU
		{6553B4A7-9FA5-4C4A-8466-2DB1430358FA}.Release|Any CPU.ActiveCfg = Release|Any CPU
		{6553B4A7-9FA5-4C4A-8466-2DB1430358FA}.Release|Any CPU.Build.0 = Release|Any CPU
		{CF8A7901-4106-4ABD-A54A-0C4E1365B63B}.Debug|Any CPU.ActiveCfg = Debug|Any CPU
		{CF8A7901-4106-4ABD-A54A-0C4E1365B63B}.Debug|Any CPU.Build.0 = Debug|Any CPU
		{CF8A7901-4106-4ABD-A54A-0C4E1365B63B}.Release|Any CPU.ActiveCfg = Release|Any CPU
		{CF8A7901-4106-4ABD-A54A-0C4E1365B63B}.Release|Any CPU.Build.0 = Release|Any CPU
	EndGlobalSection
	GlobalSection(SolutionProperties) = preSolution
		HideSolutionNode = FALSE
	EndGlobalSection
	GlobalSection(ExtensibilityGlobals) = postSolution
		SolutionGuid = {B4488556-D30E-42FB-9DEA-6FDAC43BDFF3}
	EndGlobalSection
EndGlobal
